// !$*UTF8*$!
{
	archiveVersion = 1;
	classes = {
	};
	objectVersion = 48;
	objects = {

/* Begin PBXBuildFile section */
		1471069482159424C5DC7E3B /* Pods_TumblrFeedTests.framework in Frameworks */ = {isa = PBXBuildFile; fileRef = 5B8875B48881BBB56537B64B /* Pods_TumblrFeedTests.framework */; };
		199B979457D769A47AB4425F /* Pods_TumblrFeedUITests.framework in Frameworks */ = {isa = PBXBuildFile; fileRef = 7E3128554F01FE5E196BD70F /* Pods_TumblrFeedUITests.framework */; };
		7C9E56B043A1C3766FA6EE2D /* Pods_TumblrFeed.framework in Frameworks */ = {isa = PBXBuildFile; fileRef = 0828D569E7AB46395D33903A /* Pods_TumblrFeed.framework */; };
		D824213E2007DFDA002E72CB /* AppDelegate.swift in Sources */ = {isa = PBXBuildFile; fileRef = D824213D2007DFDA002E72CB /* AppDelegate.swift */; };
		D82421432007DFDA002E72CB /* Main.storyboard in Resources */ = {isa = PBXBuildFile; fileRef = D82421412007DFDA002E72CB /* Main.storyboard */; };
		D82421452007DFDA002E72CB /* Assets.xcassets in Resources */ = {isa = PBXBuildFile; fileRef = D82421442007DFDA002E72CB /* Assets.xcassets */; };
		D82421482007DFDA002E72CB /* LaunchScreen.storyboard in Resources */ = {isa = PBXBuildFile; fileRef = D82421462007DFDA002E72CB /* LaunchScreen.storyboard */; };
		D82421532007DFDA002E72CB /* TumblrFeedTests.swift in Sources */ = {isa = PBXBuildFile; fileRef = D82421522007DFDA002E72CB /* TumblrFeedTests.swift */; };
		D824215E2007DFDA002E72CB /* TumblrFeedUITests.swift in Sources */ = {isa = PBXBuildFile; fileRef = D824215D2007DFDA002E72CB /* TumblrFeedUITests.swift */; };
		D824216C2007E13D002E72CB /* PhotosViewController.swift in Sources */ = {isa = PBXBuildFile; fileRef = D824216B2007E13D002E72CB /* PhotosViewController.swift */; };
		D824216E200A9AE5002E72CB /* CustomCell.swift in Sources */ = {isa = PBXBuildFile; fileRef = D824216D200A9AE5002E72CB /* CustomCell.swift */; };
/* End PBXBuildFile section */

/* Begin PBXContainerItemProxy section */
		D824214F2007DFDA002E72CB /* PBXContainerItemProxy */ = {
			isa = PBXContainerItemProxy;
			containerPortal = D82421322007DFDA002E72CB /* Project object */;
			proxyType = 1;
			remoteGlobalIDString = D82421392007DFDA002E72CB;
			remoteInfo = TumblrFeed;
		};
		D824215A2007DFDA002E72CB /* PBXContainerItemProxy */ = {
			isa = PBXContainerItemProxy;
			containerPortal = D82421322007DFDA002E72CB /* Project object */;
			proxyType = 1;
			remoteGlobalIDString = D82421392007DFDA002E72CB;
			remoteInfo = TumblrFeed;
		};
/* End PBXContainerItemProxy section */

/* Begin PBXFileReference section */
		0828D569E7AB46395D33903A /* Pods_TumblrFeed.framework */ = {isa = PBXFileReference; explicitFileType = wrapper.framework; includeInIndex = 0; path = Pods_TumblrFeed.framework; sourceTree = BUILT_PRODUCTS_DIR; };
		28C837092C86269F1B06FB43 /* Pods-TumblrFeed.release.xcconfig */ = {isa = PBXFileReference; includeInIndex = 1; lastKnownFileType = text.xcconfig; name = "Pods-TumblrFeed.release.xcconfig"; path = "Pods/Target Support Files/Pods-TumblrFeed/Pods-TumblrFeed.release.xcconfig"; sourceTree = "<group>"; };
		4EE797895C9A8C74E884AB16 /* Pods-TumblrFeedUITests.debug.xcconfig */ = {isa = PBXFileReference; includeInIndex = 1; lastKnownFileType = text.xcconfig; name = "Pods-TumblrFeedUITests.debug.xcconfig"; path = "Pods/Target Support Files/Pods-TumblrFeedUITests/Pods-TumblrFeedUITests.debug.xcconfig"; sourceTree = "<group>"; };
		5B8875B48881BBB56537B64B /* Pods_TumblrFeedTests.framework */ = {isa = PBXFileReference; explicitFileType = wrapper.framework; includeInIndex = 0; path = Pods_TumblrFeedTests.framework; sourceTree = BUILT_PRODUCTS_DIR; };
		7E3128554F01FE5E196BD70F /* Pods_TumblrFeedUITests.framework */ = {isa = PBXFileReference; explicitFileType = wrapper.framework; includeInIndex = 0; path = Pods_TumblrFeedUITests.framework; sourceTree = BUILT_PRODUCTS_DIR; };
		7FE508D7DC1B77F5F848524E /* Pods-TumblrFeedUITests.release.xcconfig */ = {isa = PBXFileReference; includeInIndex = 1; lastKnownFileType = text.xcconfig; name = "Pods-TumblrFeedUITests.release.xcconfig"; path = "Pods/Target Support Files/Pods-TumblrFeedUITests/Pods-TumblrFeedUITests.release.xcconfig"; sourceTree = "<group>"; };
		D824213A2007DFDA002E72CB /* TumblrFeed.app */ = {isa = PBXFileReference; explicitFileType = wrapper.application; includeInIndex = 0; path = TumblrFeed.app; sourceTree = BUILT_PRODUCTS_DIR; };
		D824213D2007DFDA002E72CB /* AppDelegate.swift */ = {isa = PBXFileReference; lastKnownFileType = sourcecode.swift; path = AppDelegate.swift; sourceTree = "<group>"; };
		D82421422007DFDA002E72CB /* Base */ = {isa = PBXFileReference; lastKnownFileType = file.storyboard; name = Base; path = Base.lproj/Main.storyboard; sourceTree = "<group>"; };
		D82421442007DFDA002E72CB /* Assets.xcassets */ = {isa = PBXFileReference; lastKnownFileType = folder.assetcatalog; path = Assets.xcassets; sourceTree = "<group>"; };
		D82421472007DFDA002E72CB /* Base */ = {isa = PBXFileReference; lastKnownFileType = file.storyboard; name = Base; path = Base.lproj/LaunchScreen.storyboard; sourceTree = "<group>"; };
		D82421492007DFDA002E72CB /* Info.plist */ = {isa = PBXFileReference; lastKnownFileType = text.plist.xml; path = Info.plist; sourceTree = "<group>"; };
		D824214E2007DFDA002E72CB /* TumblrFeedTests.xctest */ = {isa = PBXFileReference; explicitFileType = wrapper.cfbundle; includeInIndex = 0; path = TumblrFeedTests.xctest; sourceTree = BUILT_PRODUCTS_DIR; };
		D82421522007DFDA002E72CB /* TumblrFeedTests.swift */ = {isa = PBXFileReference; lastKnownFileType = sourcecode.swift; path = TumblrFeedTests.swift; sourceTree = "<group>"; };
		D82421542007DFDA002E72CB /* Info.plist */ = {isa = PBXFileReference; lastKnownFileType = text.plist.xml; path = Info.plist; sourceTree = "<group>"; };
		D82421592007DFDA002E72CB /* TumblrFeedUITests.xctest */ = {isa = PBXFileReference; explicitFileType = wrapper.cfbundle; includeInIndex = 0; path = TumblrFeedUITests.xctest; sourceTree = BUILT_PRODUCTS_DIR; };
		D824215D2007DFDA002E72CB /* TumblrFeedUITests.swift */ = {isa = PBXFileReference; lastKnownFileType = sourcecode.swift; path = TumblrFeedUITests.swift; sourceTree = "<group>"; };
		D824215F2007DFDA002E72CB /* Info.plist */ = {isa = PBXFileReference; lastKnownFileType = text.plist.xml; path = Info.plist; sourceTree = "<group>"; };
		D824216B2007E13D002E72CB /* PhotosViewController.swift */ = {isa = PBXFileReference; lastKnownFileType = sourcecode.swift; path = PhotosViewController.swift; sourceTree = "<group>"; };
		D824216D200A9AE5002E72CB /* CustomCell.swift */ = {isa = PBXFileReference; lastKnownFileType = sourcecode.swift; path = CustomCell.swift; sourceTree = "<group>"; };
		E3734936CC1C6BFF65632FBA /* Pods-TumblrFeedTests.debug.xcconfig */ = {isa = PBXFileReference; includeInIndex = 1; lastKnownFileType = text.xcconfig; name = "Pods-TumblrFeedTests.debug.xcconfig"; path = "Pods/Target Support Files/Pods-TumblrFeedTests/Pods-TumblrFeedTests.debug.xcconfig"; sourceTree = "<group>"; };
		F28CCFA90FAB1EA48B48E952 /* Pods-TumblrFeedTests.release.xcconfig */ = {isa = PBXFileReference; includeInIndex = 1; lastKnownFileType = text.xcconfig; name = "Pods-TumblrFeedTests.release.xcconfig"; path = "Pods/Target Support Files/Pods-TumblrFeedTests/Pods-TumblrFeedTests.release.xcconfig"; sourceTree = "<group>"; };
		FDADEBFAE52D5D6559F780FA /* Pods-TumblrFeed.debug.xcconfig */ = {isa = PBXFileReference; includeInIndex = 1; lastKnownFileType = text.xcconfig; name = "Pods-TumblrFeed.debug.xcconfig"; path = "Pods/Target Support Files/Pods-TumblrFeed/Pods-TumblrFeed.debug.xcconfig"; sourceTree = "<group>"; };
/* End PBXFileReference section */

/* Begin PBXFrameworksBuildPhase section */
		D82421372007DFDA002E72CB /* Frameworks */ = {
			isa = PBXFrameworksBuildPhase;
			buildActionMask = 2147483647;
			files = (
				7C9E56B043A1C3766FA6EE2D /* Pods_TumblrFeed.framework in Frameworks */,
			);
			runOnlyForDeploymentPostprocessing = 0;
		};
		D824214B2007DFDA002E72CB /* Frameworks */ = {
			isa = PBXFrameworksBuildPhase;
			buildActionMask = 2147483647;
			files = (
				1471069482159424C5DC7E3B /* Pods_TumblrFeedTests.framework in Frameworks */,
			);
			runOnlyForDeploymentPostprocessing = 0;
		};
		D82421562007DFDA002E72CB /* Frameworks */ = {
			isa = PBXFrameworksBuildPhase;
			buildActionMask = 2147483647;
			files = (
				199B979457D769A47AB4425F /* Pods_TumblrFeedUITests.framework in Frameworks */,
			);
			runOnlyForDeploymentPostprocessing = 0;
		};
/* End PBXFrameworksBuildPhase section */

/* Begin PBXGroup section */
		6BF93C9F183FB8C540E53B75 /* Pods */ = {
			isa = PBXGroup;
			children = (
				FDADEBFAE52D5D6559F780FA /* Pods-TumblrFeed.debug.xcconfig */,
				28C837092C86269F1B06FB43 /* Pods-TumblrFeed.release.xcconfig */,
				E3734936CC1C6BFF65632FBA /* Pods-TumblrFeedTests.debug.xcconfig */,
				F28CCFA90FAB1EA48B48E952 /* Pods-TumblrFeedTests.release.xcconfig */,
				4EE797895C9A8C74E884AB16 /* Pods-TumblrFeedUITests.debug.xcconfig */,
				7FE508D7DC1B77F5F848524E /* Pods-TumblrFeedUITests.release.xcconfig */,
			);
			name = Pods;
			sourceTree = "<group>";
		};
		8D1C259720153E8D19B65406 /* Frameworks */ = {
			isa = PBXGroup;
			children = (
				0828D569E7AB46395D33903A /* Pods_TumblrFeed.framework */,
				5B8875B48881BBB56537B64B /* Pods_TumblrFeedTests.framework */,
				7E3128554F01FE5E196BD70F /* Pods_TumblrFeedUITests.framework */,
			);
			name = Frameworks;
			sourceTree = "<group>";
		};
		D82421312007DFDA002E72CB = {
			isa = PBXGroup;
			children = (
				D824213C2007DFDA002E72CB /* TumblrFeed */,
				D82421512007DFDA002E72CB /* TumblrFeedTests */,
				D824215C2007DFDA002E72CB /* TumblrFeedUITests */,
				D824213B2007DFDA002E72CB /* Products */,
				6BF93C9F183FB8C540E53B75 /* Pods */,
				8D1C259720153E8D19B65406 /* Frameworks */,
			);
			sourceTree = "<group>";
		};
		D824213B2007DFDA002E72CB /* Products */ = {
			isa = PBXGroup;
			children = (
				D824213A2007DFDA002E72CB /* TumblrFeed.app */,
				D824214E2007DFDA002E72CB /* TumblrFeedTests.xctest */,
				D82421592007DFDA002E72CB /* TumblrFeedUITests.xctest */,
			);
			name = Products;
			sourceTree = "<group>";
		};
		D824213C2007DFDA002E72CB /* TumblrFeed */ = {
			isa = PBXGroup;
			children = (
				D824213D2007DFDA002E72CB /* AppDelegate.swift */,
				D82421412007DFDA002E72CB /* Main.storyboard */,
				D82421442007DFDA002E72CB /* Assets.xcassets */,
				D82421462007DFDA002E72CB /* LaunchScreen.storyboard */,
				D82421492007DFDA002E72CB /* Info.plist */,
				D824216B2007E13D002E72CB /* PhotosViewController.swift */,
				D824216D200A9AE5002E72CB /* CustomCell.swift */,
			);
			path = TumblrFeed;
			sourceTree = "<group>";
		};
		D82421512007DFDA002E72CB /* TumblrFeedTests */ = {
			isa = PBXGroup;
			children = (
				D82421522007DFDA002E72CB /* TumblrFeedTests.swift */,
				D82421542007DFDA002E72CB /* Info.plist */,
			);
			path = TumblrFeedTests;
			sourceTree = "<group>";
		};
		D824215C2007DFDA002E72CB /* TumblrFeedUITests */ = {
			isa = PBXGroup;
			children = (
				D824215D2007DFDA002E72CB /* TumblrFeedUITests.swift */,
				D824215F2007DFDA002E72CB /* Info.plist */,
			);
			path = TumblrFeedUITests;
			sourceTree = "<group>";
		};
/* End PBXGroup section */

/* Begin PBXNativeTarget section */
		D82421392007DFDA002E72CB /* TumblrFeed */ = {
			isa = PBXNativeTarget;
			buildConfigurationList = D82421622007DFDA002E72CB /* Build configuration list for PBXNativeTarget "TumblrFeed" */;
			buildPhases = (
				4CDEB2AC5BBE456E391A8DA7 /* [CP] Check Pods Manifest.lock */,
				D82421362007DFDA002E72CB /* Sources */,
				D82421372007DFDA002E72CB /* Frameworks */,
				D82421382007DFDA002E72CB /* Resources */,
				5B14406C7E537CFFE5DD9A2D /* [CP] Embed Pods Frameworks */,
				8827CB16BA14DB6CCD7CA0C0 /* [CP] Copy Pods Resources */,
			);
			buildRules = (
			);
			dependencies = (
			);
			name = TumblrFeed;
			productName = TumblrFeed;
			productReference = D824213A2007DFDA002E72CB /* TumblrFeed.app */;
			productType = "com.apple.product-type.application";
		};
		D824214D2007DFDA002E72CB /* TumblrFeedTests */ = {
			isa = PBXNativeTarget;
			buildConfigurationList = D82421652007DFDA002E72CB /* Build configuration list for PBXNativeTarget "TumblrFeedTests" */;
			buildPhases = (
				EED9FD4F8DB1C608B9C169BD /* [CP] Check Pods Manifest.lock */,
				D824214A2007DFDA002E72CB /* Sources */,
				D824214B2007DFDA002E72CB /* Frameworks */,
				D824214C2007DFDA002E72CB /* Resources */,
				455461477F5B5FBC0C9BCDF2 /* [CP] Embed Pods Frameworks */,
				D30AA0682E15743330361385 /* [CP] Copy Pods Resources */,
			);
			buildRules = (
			);
			dependencies = (
				D82421502007DFDA002E72CB /* PBXTargetDependency */,
			);
			name = TumblrFeedTests;
			productName = TumblrFeedTests;
			productReference = D824214E2007DFDA002E72CB /* TumblrFeedTests.xctest */;
			productType = "com.apple.product-type.bundle.unit-test";
		};
		D82421582007DFDA002E72CB /* TumblrFeedUITests */ = {
			isa = PBXNativeTarget;
			buildConfigurationList = D82421682007DFDA002E72CB /* Build configuration list for PBXNativeTarget "TumblrFeedUITests" */;
			buildPhases = (
				261BA73A5CC8A8E0A17A2364 /* [CP] Check Pods Manifest.lock */,
				D82421552007DFDA002E72CB /* Sources */,
				D82421562007DFDA002E72CB /* Frameworks */,
				D82421572007DFDA002E72CB /* Resources */,
				9D1F94F564712FBB91699A9A /* [CP] Embed Pods Frameworks */,
				DDDCE4F36C39AB610D7EDF33 /* [CP] Copy Pods Resources */,
			);
			buildRules = (
			);
			dependencies = (
				D824215B2007DFDA002E72CB /* PBXTargetDependency */,
			);
			name = TumblrFeedUITests;
			productName = TumblrFeedUITests;
			productReference = D82421592007DFDA002E72CB /* TumblrFeedUITests.xctest */;
			productType = "com.apple.product-type.bundle.ui-testing";
		};
/* End PBXNativeTarget section */

/* Begin PBXProject section */
		D82421322007DFDA002E72CB /* Project object */ = {
			isa = PBXProject;
			attributes = {
				LastSwiftUpdateCheck = 0920;
				LastUpgradeCheck = 0920;
				ORGANIZATIONNAME = "Joseph Davey";
				TargetAttributes = {
					D82421392007DFDA002E72CB = {
						CreatedOnToolsVersion = 9.2;
						ProvisioningStyle = Automatic;
					};
					D824214D2007DFDA002E72CB = {
						CreatedOnToolsVersion = 9.2;
						ProvisioningStyle = Automatic;
						TestTargetID = D82421392007DFDA002E72CB;
					};
					D82421582007DFDA002E72CB = {
						CreatedOnToolsVersion = 9.2;
						ProvisioningStyle = Automatic;
						TestTargetID = D82421392007DFDA002E72CB;
					};
				};
			};
			buildConfigurationList = D82421352007DFDA002E72CB /* Build configuration list for PBXProject "TumblrFeed" */;
			compatibilityVersion = "Xcode 8.0";
			developmentRegion = en;
			hasScannedForEncodings = 0;
			knownRegions = (
				en,
				Base,
			);
			mainGroup = D82421312007DFDA002E72CB;
			productRefGroup = D824213B2007DFDA002E72CB /* Products */;
			projectDirPath = "";
			projectRoot = "";
			targets = (
				D82421392007DFDA002E72CB /* TumblrFeed */,
				D824214D2007DFDA002E72CB /* TumblrFeedTests */,
				D82421582007DFDA002E72CB /* TumblrFeedUITests */,
			);
		};
/* End PBXProject section */

/* Begin PBXResourcesBuildPhase section */
		D82421382007DFDA002E72CB /* Resources */ = {
			isa = PBXResourcesBuildPhase;
			buildActionMask = 2147483647;
			files = (
				D82421482007DFDA002E72CB /* LaunchScreen.storyboard in Resources */,
				D82421452007DFDA002E72CB /* Assets.xcassets in Resources */,
				D82421432007DFDA002E72CB /* Main.storyboard in Resources */,
			);
			runOnlyForDeploymentPostprocessing = 0;
		};
		D824214C2007DFDA002E72CB /* Resources */ = {
			isa = PBXResourcesBuildPhase;
			buildActionMask = 2147483647;
			files = (
			);
			runOnlyForDeploymentPostprocessing = 0;
		};
		D82421572007DFDA002E72CB /* Resources */ = {
			isa = PBXResourcesBuildPhase;
			buildActionMask = 2147483647;
			files = (
			);
			runOnlyForDeploymentPostprocessing = 0;
		};
/* End PBXResourcesBuildPhase section */

/* Begin PBXShellScriptBuildPhase section */
		261BA73A5CC8A8E0A17A2364 /* [CP] Check Pods Manifest.lock */ = {
			isa = PBXShellScriptBuildPhase;
			buildActionMask = 2147483647;
			files = (
			);
			inputPaths = (
				"${PODS_PODFILE_DIR_PATH}/Podfile.lock",
				"${PODS_ROOT}/Manifest.lock",
			);
			name = "[CP] Check Pods Manifest.lock";
			outputPaths = (
				"$(DERIVED_FILE_DIR)/Pods-TumblrFeedUITests-checkManifestLockResult.txt",
			);
			runOnlyForDeploymentPostprocessing = 0;
			shellPath = /bin/sh;
			shellScript = "diff \"${PODS_PODFILE_DIR_PATH}/Podfile.lock\" \"${PODS_ROOT}/Manifest.lock\" > /dev/null\nif [ $? != 0 ] ; then\n    # print error to STDERR\n    echo \"error: The sandbox is not in sync with the Podfile.lock. Run 'pod install' or update your CocoaPods installation.\" >&2\n    exit 1\nfi\n# This output is used by Xcode 'outputs' to avoid re-running this script phase.\necho \"SUCCESS\" > \"${SCRIPT_OUTPUT_FILE_0}\"\n";
			showEnvVarsInLog = 0;
		};
		455461477F5B5FBC0C9BCDF2 /* [CP] Embed Pods Frameworks */ = {
			isa = PBXShellScriptBuildPhase;
			buildActionMask = 2147483647;
			files = (
			);
			inputPaths = (
			);
			name = "[CP] Embed Pods Frameworks";
			outputPaths = (
			);
			runOnlyForDeploymentPostprocessing = 0;
			shellPath = /bin/sh;
			shellScript = "\"${SRCROOT}/Pods/Target Support Files/Pods-TumblrFeedTests/Pods-TumblrFeedTests-frameworks.sh\"\n";
			showEnvVarsInLog = 0;
		};
		4CDEB2AC5BBE456E391A8DA7 /* [CP] Check Pods Manifest.lock */ = {
			isa = PBXShellScriptBuildPhase;
			buildActionMask = 2147483647;
			files = (
			);
			inputPaths = (
				"${PODS_PODFILE_DIR_PATH}/Podfile.lock",
				"${PODS_ROOT}/Manifest.lock",
			);
			name = "[CP] Check Pods Manifest.lock";
			outputPaths = (
				"$(DERIVED_FILE_DIR)/Pods-TumblrFeed-checkManifestLockResult.txt",
			);
			runOnlyForDeploymentPostprocessing = 0;
			shellPath = /bin/sh;
			shellScript = "diff \"${PODS_PODFILE_DIR_PATH}/Podfile.lock\" \"${PODS_ROOT}/Manifest.lock\" > /dev/null\nif [ $? != 0 ] ; then\n    # print error to STDERR\n    echo \"error: The sandbox is not in sync with the Podfile.lock. Run 'pod install' or update your CocoaPods installation.\" >&2\n    exit 1\nfi\n# This output is used by Xcode 'outputs' to avoid re-running this script phase.\necho \"SUCCESS\" > \"${SCRIPT_OUTPUT_FILE_0}\"\n";
			showEnvVarsInLog = 0;
		};
		5B14406C7E537CFFE5DD9A2D /* [CP] Embed Pods Frameworks */ = {
			isa = PBXShellScriptBuildPhase;
			buildActionMask = 2147483647;
			files = (
			);
			inputPaths = (
				"${SRCROOT}/Pods/Target Support Files/Pods-TumblrFeed/Pods-TumblrFeed-frameworks.sh",
				"${BUILT_PRODUCTS_DIR}/Alamofire/Alamofire.framework",
				"${BUILT_PRODUCTS_DIR}/AlamofireImage/AlamofireImage.framework",
			);
			name = "[CP] Embed Pods Frameworks";
			outputPaths = (
				"${TARGET_BUILD_DIR}/${FRAMEWORKS_FOLDER_PATH}/Alamofire.framework",
				"${TARGET_BUILD_DIR}/${FRAMEWORKS_FOLDER_PATH}/AlamofireImage.framework",
			);
			runOnlyForDeploymentPostprocessing = 0;
			shellPath = /bin/sh;
			shellScript = "\"${SRCROOT}/Pods/Target Support Files/Pods-TumblrFeed/Pods-TumblrFeed-frameworks.sh\"\n";
			showEnvVarsInLog = 0;
		};
		8827CB16BA14DB6CCD7CA0C0 /* [CP] Copy Pods Resources */ = {
			isa = PBXShellScriptBuildPhase;
			buildActionMask = 2147483647;
			files = (
			);
			inputPaths = (
			);
			name = "[CP] Copy Pods Resources";
			outputPaths = (
			);
			runOnlyForDeploymentPostprocessing = 0;
			shellPath = /bin/sh;
			shellScript = "\"${SRCROOT}/Pods/Target Support Files/Pods-TumblrFeed/Pods-TumblrFeed-resources.sh\"\n";
			showEnvVarsInLog = 0;
		};
		9D1F94F564712FBB91699A9A /* [CP] Embed Pods Frameworks */ = {
			isa = PBXShellScriptBuildPhase;
			buildActionMask = 2147483647;
			files = (
			);
			inputPaths = (
			);
			name = "[CP] Embed Pods Frameworks";
			outputPaths = (
			);
			runOnlyForDeploymentPostprocessing = 0;
			shellPath = /bin/sh;
			shellScript = "\"${SRCROOT}/Pods/Target Support Files/Pods-TumblrFeedUITests/Pods-TumblrFeedUITests-frameworks.sh\"\n";
			showEnvVarsInLog = 0;
		};
		D30AA0682E15743330361385 /* [CP] Copy Pods Resources */ = {
			isa = PBXShellScriptBuildPhase;
			buildActionMask = 2147483647;
			files = (
			);
			inputPaths = (
			);
			name = "[CP] Copy Pods Resources";
			outputPaths = (
			);
			runOnlyForDeploymentPostprocessing = 0;
			shellPath = /bin/sh;
			shellScript = "\"${SRCROOT}/Pods/Target Support Files/Pods-TumblrFeedTests/Pods-TumblrFeedTests-resources.sh\"\n";
			showEnvVarsInLog = 0;
		};
		DDDCE4F36C39AB610D7EDF33 /* [CP] Copy Pods Resources */ = {
			isa = PBXShellScriptBuildPhase;
			buildActionMask = 2147483647;
			files = (
			);
			inputPaths = (
			);
			name = "[CP] Copy Pods Resources";
			outputPaths = (
			);
			runOnlyForDeploymentPostprocessing = 0;
			shellPath = /bin/sh;
			shellScript = "\"${SRCROOT}/Pods/Target Support Files/Pods-TumblrFeedUITests/Pods-TumblrFeedUITests-resources.sh\"\n";
			showEnvVarsInLog = 0;
		};
		EED9FD4F8DB1C608B9C169BD /* [CP] Check Pods Manifest.lock */ = {
			isa = PBXShellScriptBuildPhase;
			buildActionMask = 2147483647;
			files = (
			);
			inputPaths = (
				"${PODS_PODFILE_DIR_PATH}/Podfile.lock",
				"${PODS_ROOT}/Manifest.lock",
			);
			name = "[CP] Check Pods Manifest.lock";
			outputPaths = (
				"$(DERIVED_FILE_DIR)/Pods-TumblrFeedTests-checkManifestLockResult.txt",
			);
			runOnlyForDeploymentPostprocessing = 0;
			shellPath = /bin/sh;
			shellScript = "diff \"${PODS_PODFILE_DIR_PATH}/Podfile.lock\" \"${PODS_ROOT}/Manifest.lock\" > /dev/null\nif [ $? != 0 ] ; then\n    # print error to STDERR\n    echo \"error: The sandbox is not in sync with the Podfile.lock. Run 'pod install' or update your CocoaPods installation.\" >&2\n    exit 1\nfi\n# This output is used by Xcode 'outputs' to avoid re-running this script phase.\necho \"SUCCESS\" > \"${SCRIPT_OUTPUT_FILE_0}\"\n";
			showEnvVarsInLog = 0;
		};
/* End PBXShellScriptBuildPhase section */

/* Begin PBXSourcesBuildPhase section */
		D82421362007DFDA002E72CB /* Sources */ = {
			isa = PBXSourcesBuildPhase;
			buildActionMask = 2147483647;
			files = (
				D824213E2007DFDA002E72CB /* AppDelegate.swift in Sources */,
				D824216E200A9AE5002E72CB /* CustomCell.swift in Sources */,
				D824216C2007E13D002E72CB /* PhotosViewController.swift in Sources */,
			);
			runOnlyForDeploymentPostprocessing = 0;
		};
		D824214A2007DFDA002E72CB /* Sources */ = {
			isa = PBXSourcesBuildPhase;
			buildActionMask = 2147483647;
			files = (
				D82421532007DFDA002E72CB /* TumblrFeedTests.swift in Sources */,
			);
			runOnlyForDeploymentPostprocessing = 0;
		};
		D82421552007DFDA002E72CB /* Sources */ = {
			isa = PBXSourcesBuildPhase;
			buildActionMask = 2147483647;
			files = (
				D824215E2007DFDA002E72CB /* TumblrFeedUITests.swift in Sources */,
			);
			runOnlyForDeploymentPostprocessing = 0;
		};
/* End PBXSourcesBuildPhase section */

/* Begin PBXTargetDependency section */
		D82421502007DFDA002E72CB /* PBXTargetDependency */ = {
			isa = PBXTargetDependency;
			target = D82421392007DFDA002E72CB /* TumblrFeed */;
			targetProxy = D824214F2007DFDA002E72CB /* PBXContainerItemProxy */;
		};
		D824215B2007DFDA002E72CB /* PBXTargetDependency */ = {
			isa = PBXTargetDependency;
			target = D82421392007DFDA002E72CB /* TumblrFeed */;
			targetProxy = D824215A2007DFDA002E72CB /* PBXContainerItemProxy */;
		};
/* End PBXTargetDependency section */

/* Begin PBXVariantGroup section */
		D82421412007DFDA002E72CB /* Main.storyboard */ = {
			isa = PBXVariantGroup;
			children = (
				D82421422007DFDA002E72CB /* Base */,
			);
			name = Main.storyboard;
			sourceTree = "<group>";
		};
		D82421462007DFDA002E72CB /* LaunchScreen.storyboard */ = {
			isa = PBXVariantGroup;
			children = (
				D82421472007DFDA002E72CB /* Base */,
			);
			name = LaunchScreen.storyboard;
			sourceTree = "<group>";
		};
/* End PBXVariantGroup section */

/* Begin XCBuildConfiguration section */
		D82421602007DFDA002E72CB /* Debug */ = {
			isa = XCBuildConfiguration;
			buildSettings = {
				ALWAYS_SEARCH_USER_PATHS = NO;
				CLANG_ANALYZER_NONNULL = YES;
				CLANG_ANALYZER_NUMBER_OBJECT_CONVERSION = YES_AGGRESSIVE;
				CLANG_CXX_LANGUAGE_STANDARD = "gnu++14";
				CLANG_CXX_LIBRARY = "libc++";
				CLANG_ENABLE_MODULES = YES;
				CLANG_ENABLE_OBJC_ARC = YES;
				CLANG_WARN_BLOCK_CAPTURE_AUTORELEASING = YES;
				CLANG_WARN_BOOL_CONVERSION = YES;
				CLANG_WARN_COMMA = YES;
				CLANG_WARN_CONSTANT_CONVERSION = YES;
				CLANG_WARN_DIRECT_OBJC_ISA_USAGE = YES_ERROR;
				CLANG_WARN_DOCUMENTATION_COMMENTS = YES;
				CLANG_WARN_EMPTY_BODY = YES;
				CLANG_WARN_ENUM_CONVERSION = YES;
				CLANG_WARN_INFINITE_RECURSION = YES;
				CLANG_WARN_INT_CONVERSION = YES;
				CLANG_WARN_NON_LITERAL_NULL_CONVERSION = YES;
				CLANG_WARN_OBJC_LITERAL_CONVERSION = YES;
				CLANG_WARN_OBJC_ROOT_CLASS = YES_ERROR;
				CLANG_WARN_RANGE_LOOP_ANALYSIS = YES;
				CLANG_WARN_STRICT_PROTOTYPES = YES;
				CLANG_WARN_SUSPICIOUS_MOVE = YES;
				CLANG_WARN_UNGUARDED_AVAILABILITY = YES_AGGRESSIVE;
				CLANG_WARN_UNREACHABLE_CODE = YES;
				CLANG_WARN__DUPLICATE_METHOD_MATCH = YES;
				CODE_SIGN_IDENTITY = "iPhone Developer";
				COPY_PHASE_STRIP = NO;
				DEBUG_INFORMATION_FORMAT = dwarf;
				ENABLE_STRICT_OBJC_MSGSEND = YES;
				ENABLE_TESTABILITY = YES;
				GCC_C_LANGUAGE_STANDARD = gnu11;
				GCC_DYNAMIC_NO_PIC = NO;
				GCC_NO_COMMON_BLOCKS = YES;
				GCC_OPTIMIZATION_LEVEL = 0;
				GCC_PREPROCESSOR_DEFINITIONS = (
					"DEBUG=1",
					"$(inherited)",
				);
				GCC_WARN_64_TO_32_BIT_CONVERSION = YES;
				GCC_WARN_ABOUT_RETURN_TYPE = YES_ERROR;
				GCC_WARN_UNDECLARED_SELECTOR = YES;
				GCC_WARN_UNINITIALIZED_AUTOS = YES_AGGRESSIVE;
				GCC_WARN_UNUSED_FUNCTION = YES;
				GCC_WARN_UNUSED_VARIABLE = YES;
				IPHONEOS_DEPLOYMENT_TARGET = 11.2;
				MTL_ENABLE_DEBUG_INFO = YES;
				ONLY_ACTIVE_ARCH = YES;
				SDKROOT = iphoneos;
				SWIFT_ACTIVE_COMPILATION_CONDITIONS = DEBUG;
				SWIFT_OPTIMIZATION_LEVEL = "-Onone";
			};
			name = Debug;
		};
		D82421612007DFDA002E72CB /* Release */ = {
			isa = XCBuildConfiguration;
			buildSettings = {
				ALWAYS_SEARCH_USER_PATHS = NO;
				CLANG_ANALYZER_NONNULL = YES;
				CLANG_ANALYZER_NUMBER_OBJECT_CONVERSION = YES_AGGRESSIVE;
				CLANG_CXX_LANGUAGE_STANDARD = "gnu++14";
				CLANG_CXX_LIBRARY = "libc++";
				CLANG_ENABLE_MODULES = YES;
				CLANG_ENABLE_OBJC_ARC = YES;
				CLANG_WARN_BLOCK_CAPTURE_AUTORELEASING = YES;
				CLANG_WARN_BOOL_CONVERSION = YES;
				CLANG_WARN_COMMA = YES;
				CLANG_WARN_CONSTANT_CONVERSION = YES;
				CLANG_WARN_DIRECT_OBJC_ISA_USAGE = YES_ERROR;
				CLANG_WARN_DOCUMENTATION_COMMENTS = YES;
				CLANG_WARN_EMPTY_BODY = YES;
				CLANG_WARN_ENUM_CONVERSION = YES;
				CLANG_WARN_INFINITE_RECURSION = YES;
				CLANG_WARN_INT_CONVERSION = YES;
				CLANG_WARN_NON_LITERAL_NULL_CONVERSION = YES;
				CLANG_WARN_OBJC_LITERAL_CONVERSION = YES;
				CLANG_WARN_OBJC_ROOT_CLASS = YES_ERROR;
				CLANG_WARN_RANGE_LOOP_ANALYSIS = YES;
				CLANG_WARN_STRICT_PROTOTYPES = YES;
				CLANG_WARN_SUSPICIOUS_MOVE = YES;
				CLANG_WARN_UNGUARDED_AVAILABILITY = YES_AGGRESSIVE;
				CLANG_WARN_UNREACHABLE_CODE = YES;
				CLANG_WARN__DUPLICATE_METHOD_MATCH = YES;
				CODE_SIGN_IDENTITY = "iPhone Developer";
				COPY_PHASE_STRIP = NO;
				DEBUG_INFORMATION_FORMAT = "dwarf-with-dsym";
				ENABLE_NS_ASSERTIONS = NO;
				ENABLE_STRICT_OBJC_MSGSEND = YES;
				GCC_C_LANGUAGE_STANDARD = gnu11;
				GCC_NO_COMMON_BLOCKS = YES;
				GCC_WARN_64_TO_32_BIT_CONVERSION = YES;
				GCC_WARN_ABOUT_RETURN_TYPE = YES_ERROR;
				GCC_WARN_UNDECLARED_SELECTOR = YES;
				GCC_WARN_UNINITIALIZED_AUTOS = YES_AGGRESSIVE;
				GCC_WARN_UNUSED_FUNCTION = YES;
				GCC_WARN_UNUSED_VARIABLE = YES;
				IPHONEOS_DEPLOYMENT_TARGET = 11.2;
				MTL_ENABLE_DEBUG_INFO = NO;
				SDKROOT = iphoneos;
				SWIFT_OPTIMIZATION_LEVEL = "-Owholemodule";
				VALIDATE_PRODUCT = YES;
			};
			name = Release;
		};
		D82421632007DFDA002E72CB /* Debug */ = {
			isa = XCBuildConfiguration;
			baseConfigurationReference = FDADEBFAE52D5D6559F780FA /* Pods-TumblrFeed.debug.xcconfig */;
			buildSettings = {
				ASSETCATALOG_COMPILER_APPICON_NAME = AppIcon;
				CODE_SIGN_STYLE = Automatic;
				INFOPLIST_FILE = TumblrFeed/Info.plist;
				LD_RUNPATH_SEARCH_PATHS = "$(inherited) @executable_path/Frameworks";
				PRODUCT_BUNDLE_IDENTIFIER = Joe.TumblrFeed;
				PRODUCT_NAME = "$(TARGET_NAME)";
				SWIFT_VERSION = 4.0;
				TARGETED_DEVICE_FAMILY = "1,2";
			};
			name = Debug;
		};
		D82421642007DFDA002E72CB /* Release */ = {
			isa = XCBuildConfiguration;
			baseConfigurationReference = 28C837092C86269F1B06FB43 /* Pods-TumblrFeed.release.xcconfig */;
			buildSettings = {
				ASSETCATALOG_COMPILER_APPICON_NAME = AppIcon;
				CODE_SIGN_STYLE = Automatic;
				INFOPLIST_FILE = TumblrFeed/Info.plist;
				LD_RUNPATH_SEARCH_PATHS = "$(inherited) @executable_path/Frameworks";
				PRODUCT_BUNDLE_IDENTIFIER = Joe.TumblrFeed;
				PRODUCT_NAME = "$(TARGET_NAME)";
				SWIFT_VERSION = 4.0;
				TARGETED_DEVICE_FAMILY = "1,2";
			};
			name = Release;
		};
		D82421662007DFDA002E72CB /* Debug */ = {
			isa = XCBuildConfiguration;
			baseConfigurationReference = E3734936CC1C6BFF65632FBA /* Pods-TumblrFeedTests.debug.xcconfig */;
			buildSettings = {
				ALWAYS_EMBED_SWIFT_STANDARD_LIBRARIES = YES;
				BUNDLE_LOADER = "$(TEST_HOST)";
				CODE_SIGN_STYLE = Automatic;
				INFOPLIST_FILE = TumblrFeedTests/Info.plist;
				LD_RUNPATH_SEARCH_PATHS = "$(inherited) @executable_path/Frameworks @loader_path/Frameworks";
				PRODUCT_BUNDLE_IDENTIFIER = Joe.TumblrFeedTests;
				PRODUCT_NAME = "$(TARGET_NAME)";
				SWIFT_VERSION = 4.0;
				TARGETED_DEVICE_FAMILY = "1,2";
				TEST_HOST = "$(BUILT_PRODUCTS_DIR)/TumblrFeed.app/TumblrFeed";
			};
			name = Debug;
		};
		D82421672007DFDA002E72CB /* Release */ = {
			isa = XCBuildConfiguration;
			baseConfigurationReference = F28CCFA90FAB1EA48B48E952 /* Pods-TumblrFeedTests.release.xcconfig */;
			buildSettings = {
				ALWAYS_EMBED_SWIFT_STANDARD_LIBRARIES = YES;
				BUNDLE_LOADER = "$(TEST_HOST)";
				CODE_SIGN_STYLE = Automatic;
				INFOPLIST_FILE = TumblrFeedTests/Info.plist;
				LD_RUNPATH_SEARCH_PATHS = "$(inherited) @executable_path/Frameworks @loader_path/Frameworks";
				PRODUCT_BUNDLE_IDENTIFIER = Joe.TumblrFeedTests;
				PRODUCT_NAME = "$(TARGET_NAME)";
				SWIFT_VERSION = 4.0;
				TARGETED_DEVICE_FAMILY = "1,2";
				TEST_HOST = "$(BUILT_PRODUCTS_DIR)/TumblrFeed.app/TumblrFeed";
			};
			name = Release;
		};
		D82421692007DFDA002E72CB /* Debug */ = {
			isa = XCBuildConfiguration;
			baseConfigurationReference = 4EE797895C9A8C74E884AB16 /* Pods-TumblrFeedUITests.debug.xcconfig */;
			buildSettings = {
				ALWAYS_EMBED_SWIFT_STANDARD_LIBRARIES = YES;
				CODE_SIGN_STYLE = Automatic;
				INFOPLIST_FILE = TumblrFeedUITests/Info.plist;
				LD_RUNPATH_SEARCH_PATHS = "$(inherited) @executable_path/Frameworks @loader_path/Frameworks";
				PRODUCT_BUNDLE_IDENTIFIER = Joe.TumblrFeedUITests;
				PRODUCT_NAME = "$(TARGET_NAME)";
				SWIFT_VERSION = 4.0;
				TARGETED_DEVICE_FAMILY = "1,2";
				TEST_TARGET_NAME = TumblrFeed;
			};
			name = Debug;
		};
		D824216A2007DFDA002E72CB /* Release */ = {
			isa = XCBuildConfiguration;
			baseConfigurationReference = 7FE508D7DC1B77F5F848524E /* Pods-TumblrFeedUITests.release.xcconfig */;
			buildSettings = {
				ALWAYS_EMBED_SWIFT_STANDARD_LIBRARIES = YES;
				CODE_SIGN_STYLE = Automatic;
				INFOPLIST_FILE = TumblrFeedUITests/Info.plist;
				LD_RUNPATH_SEARCH_PATHS = "$(inherited) @executable_path/Frameworks @loader_path/Frameworks";
				PRODUCT_BUNDLE_IDENTIFIER = Joe.TumblrFeedUITests;
				PRODUCT_NAME = "$(TARGET_NAME)";
				SWIFT_VERSION = 4.0;
				TARGETED_DEVICE_FAMILY = "1,2";
				TEST_TARGET_NAME = TumblrFeed;
			};
			name = Release;
		};
/* End XCBuildConfiguration section */

/* Begin XCConfigurationList section */
		D82421352007DFDA002E72CB /* Build configuration list for PBXProject "TumblrFeed" */ = {
			isa = XCConfigurationList;
			buildConfigurations = (
				D82421602007DFDA002E72CB /* Debug */,
				D82421612007DFDA002E72CB /* Release */,
			);
			defaultConfigurationIsVisible = 0;
			defaultConfigurationName = Release;
		};
		D82421622007DFDA002E72CB /* Build configuration list for PBXNativeTarget "TumblrFeed" */ = {
			isa = XCConfigurationList;
			buildConfigurations = (
				D82421632007DFDA002E72CB /* Debug */,
				D82421642007DFDA002E72CB /* Release */,
			);
			defaultConfigurationIsVisible = 0;
			defaultConfigurationName = Release;
		};
		D82421652007DFDA002E72CB /* Build configuration list for PBXNativeTarget "TumblrFeedTests" */ = {
			isa = XCConfigurationList;
			buildConfigurations = (
				D82421662007DFDA002E72CB /* Debug */,
				D82421672007DFDA002E72CB /* Release */,
			);
			defaultConfigurationIsVisible = 0;
			defaultConfigurationName = Release;
		};
		D82421682007DFDA002E72CB /* Build configuration list for PBXNativeTarget "TumblrFeedUITests" */ = {
			isa = XCConfigurationList;
			buildConfigurations = (
				D82421692007DFDA002E72CB /* Debug */,
				D824216A2007DFDA002E72CB /* Release */,
			);
			defaultConfigurationIsVisible = 0;
			defaultConfigurationName = Release;
		};
/* End XCConfigurationList section */
	};
	rootObject = D82421322007DFDA002E72CB /* Project object */;
}
